
Microsoft Visual Studio Solution File, Format Version 12.00
# Visual Studio Version 16
VisualStudioVersion = 16.0.31129.286
MinimumVisualStudioVersion = 10.0.40219.1
Project("{FAE04EC0-301F-11D3-BF4B-00C04F79EFBC}") = "XMLBuilder", "XMLBuilder\XMLBuilder.csproj", "{83E5A5F5-D7D5-483C-9470-96F99384D982}"
EndProject
Global
	GlobalSection(SolutionConfigurationPlatforms) = preSolution
		Debug|Any CPU = Debug|Any CPU
		Release|Any CPU = Release|Any CPU
	EndGlobalSection
	GlobalSection(ProjectConfigurationPlatforms) = postSolution
		{83E5A5F5-D7D5-483C-9470-96F99384D982}.Debug|Any CPU.ActiveCfg = Debug|Any CPU
		{83E5A5F5-D7D5-483C-9470-96F99384D982}.Debug|Any CPU.Build.0 = Debug|Any CPU
		{83E5A5F5-D7D5-483C-9470-96F99384D982}.Release|Any CPU.ActiveCfg = Release|Any CPU
		{83E5A5F5-D7D5-483C-9470-96F99384D982}.Release|Any CPU.Build.0 = Release|Any CPU
	EndGlobalSection
	GlobalSection(SolutionProperties) = preSolution
		HideSolutionNode = FALSE
	EndGlobalSection
	GlobalSection(ExtensibilityGlobals) = postSolution
		SolutionGuid = {F08E2DF0-0946-45A4-B2B5-BE07454BFFF9}
	EndGlobalSection
EndGlobal
